
Microsoft Visual Studio Solution File, Format Version 12.00
# Visual Studio Version 16
VisualStudioVersion = 16.0.30523.141
MinimumVisualStudioVersion = 10.0.40219.1
Project("{8BC9CEB8-8B4A-11D0-8D11-00A0C91BC942}") = "cairo", "cairo.vcxproj", "{550907EC-2ADE-4749-8B94-96DD68BD7B2F}"
	ProjectSection(ProjectDependencies) = postProject
		{472AF724-7DC6-4D13-A4B0-70D45461F8DD} = {472AF724-7DC6-4D13-A4B0-70D45461F8DD}
	EndProjectSection
EndProject
Project("{8BC9CEB8-8B4A-11D0-8D11-00A0C91BC942}") = "pixman", "..\..\MB3Pixman\msvc\pixman.vcxproj", "{472AF724-7DC6-4D13-A4B0-70D45461F8DD}"
EndProject
Global
	GlobalSection(SolutionConfigurationPlatforms) = preSolution
		Debug|x64 = Debug|x64
		Release with Debugging Capability|x64 = Release with Debugging Capability|x64
		Release|x64 = Release|x64
	EndGlobalSection
	GlobalSection(ProjectConfigurationPlatforms) = postSolution
		{550907EC-2ADE-4749-8B94-96DD68BD7B2F}.Debug|x64.ActiveCfg = Debug|x64
		{550907EC-2ADE-4749-8B94-96DD68BD7B2F}.Debug|x64.Build.0 = Debug|x64
		{550907EC-2ADE-4749-8B94-96DD68BD7B2F}.Release with Debugging Capability|x64.ActiveCfg = Release with Debugging Capability|x64
		{550907EC-2ADE-4749-8B94-96DD68BD7B2F}.Release with Debugging Capability|x64.Build.0 = Release with Debugging Capability|x64
		{550907EC-2ADE-4749-8B94-96DD68BD7B2F}.Release|x64.ActiveCfg = Release|x64
		{550907EC-2ADE-4749-8B94-96DD68BD7B2F}.Release|x64.Build.0 = Release|x64
		{472AF724-7DC6-4D13-A4B0-70D45461F8DD}.Debug|x64.ActiveCfg = Debug|x64
		{472AF724-7DC6-4D13-A4B0-70D45461F8DD}.Debug|x64.Build.0 = Debug|x64
		{472AF724-7DC6-4D13-A4B0-70D45461F8DD}.Release with Debugging Capability|x64.ActiveCfg = Release with Debugging Capability|x64
		{472AF724-7DC6-4D13-A4B0-70D45461F8DD}.Release with Debugging Capability|x64.Build.0 = Release with Debugging Capability|x64
		{472AF724-7DC6-4D13-A4B0-70D45461F8DD}.Release|x64.ActiveCfg = Release|x64
		{472AF724-7DC6-4D13-A4B0-70D45461F8DD}.Release|x64.Build.0 = Release|x64
	EndGlobalSection
	GlobalSection(SolutionProperties) = preSolution
		HideSolutionNode = FALSE
	EndGlobalSection
	GlobalSection(ExtensibilityGlobals) = postSolution
		SolutionGuid = {96A08C06-321F-4746-8481-3CC1E4983D36}
	EndGlobalSection
EndGlobal
